
Microsoft Visual Studio Solution File, Format Version 12.00
# Visual Studio Version 17
VisualStudioVersion = 17.7.34024.191
MinimumVisualStudioVersion = 10.0.40219.1
Project("{FAE04EC0-301F-11D3-BF4B-00C04F79EFBC}") = "practical10", "practical10.csproj", "{F1781C28-BEBC-4B43-88C1-2072668E4552}"
EndProject
Global
	GlobalSection(SolutionConfigurationPlatforms) = preSolution
		Debug|Any CPU = Debug|Any CPU
		Release|Any CPU = Release|Any CPU
	EndGlobalSection
	GlobalSection(ProjectConfigurationPlatforms) = postSolution
		{F1781C28-BEBC-4B43-88C1-2072668E4552}.Debug|Any CPU.ActiveCfg = Debug|Any CPU
		{F1781C28-BEBC-4B43-88C1-2072668E4552}.Debug|Any CPU.Build.0 = Debug|Any CPU
		{F1781C28-BEBC-4B43-88C1-2072668E4552}.Release|Any CPU.ActiveCfg = Release|Any CPU
		{F1781C28-BEBC-4B43-88C1-2072668E4552}.Release|Any CPU.Build.0 = Release|Any CPU
	EndGlobalSection
	GlobalSection(SolutionProperties) = preSolution
		HideSolutionNode = FALSE
	EndGlobalSection
	GlobalSection(ExtensibilityGlobals) = postSolution
		SolutionGuid = {D254FDAD-181C-4F07-BBA1-26B9C0BE3A9A}
	EndGlobalSection
EndGlobal
