
Microsoft Visual Studio Solution File, Format Version 12.00
# Visual Studio Version 17
VisualStudioVersion = 17.8.34309.116
MinimumVisualStudioVersion = 10.0.40219.1
Project("{FAE04EC0-301F-11D3-BF4B-00C04F79EFBC}") = "practical13", "practical13.csproj", "{DFAE8B21-9EB6-4CF3-998D-0289F2808722}"
EndProject
Global
	GlobalSection(SolutionConfigurationPlatforms) = preSolution
		Debug|Any CPU = Debug|Any CPU
		Release|Any CPU = Release|Any CPU
	EndGlobalSection
	GlobalSection(ProjectConfigurationPlatforms) = postSolution
		{DFAE8B21-9EB6-4CF3-998D-0289F2808722}.Debug|Any CPU.ActiveCfg = Debug|Any CPU
		{DFAE8B21-9EB6-4CF3-998D-0289F2808722}.Debug|Any CPU.Build.0 = Debug|Any CPU
		{DFAE8B21-9EB6-4CF3-998D-0289F2808722}.Release|Any CPU.ActiveCfg = Release|Any CPU
		{DFAE8B21-9EB6-4CF3-998D-0289F2808722}.Release|Any CPU.Build.0 = Release|Any CPU
	EndGlobalSection
	GlobalSection(SolutionProperties) = preSolution
		HideSolutionNode = FALSE
	EndGlobalSection
	GlobalSection(ExtensibilityGlobals) = postSolution
		SolutionGuid = {1CF35D28-61EB-41F1-869A-3C2ACD5EE877}
	EndGlobalSection
EndGlobal
