
Microsoft Visual Studio Solution File, Format Version 12.00
# Visual Studio Version 17
VisualStudioVersion = 17.7.34024.191
MinimumVisualStudioVersion = 10.0.40219.1
Project("{FAE04EC0-301F-11D3-BF4B-00C04F79EFBC}") = "practical6", "practical6.csproj", "{DF8C7697-C4B2-4A09-B1F1-A3A1C4B1E3DD}"
EndProject
Global
	GlobalSection(SolutionConfigurationPlatforms) = preSolution
		Debug|Any CPU = Debug|Any CPU
		Release|Any CPU = Release|Any CPU
	EndGlobalSection
	GlobalSection(ProjectConfigurationPlatforms) = postSolution
		{DF8C7697-C4B2-4A09-B1F1-A3A1C4B1E3DD}.Debug|Any CPU.ActiveCfg = Debug|Any CPU
		{DF8C7697-C4B2-4A09-B1F1-A3A1C4B1E3DD}.Debug|Any CPU.Build.0 = Debug|Any CPU
		{DF8C7697-C4B2-4A09-B1F1-A3A1C4B1E3DD}.Release|Any CPU.ActiveCfg = Release|Any CPU
		{DF8C7697-C4B2-4A09-B1F1-A3A1C4B1E3DD}.Release|Any CPU.Build.0 = Release|Any CPU
	EndGlobalSection
	GlobalSection(SolutionProperties) = preSolution
		HideSolutionNode = FALSE
	EndGlobalSection
	GlobalSection(ExtensibilityGlobals) = postSolution
		SolutionGuid = {865BBE73-CB32-4BC1-AB17-7D5A5A8CC80C}
	EndGlobalSection
EndGlobal
